// !$*UTF8*$!
{
	archiveVersion = 1;
	classes = {
	};
	objectVersion = 46;
	objects = {

/* Begin PBXBuildFile section */
		4599E32A1A6EC1A50029B065 /* libz.dylib in Frameworks */ = {isa = PBXBuildFile; fileRef = 4599E3291A6EC1A50029B065 /* libz.dylib */; };
		4599E32C1A6EC1AC0029B065 /* Security.framework in Frameworks */ = {isa = PBXBuildFile; fileRef = 4599E32B1A6EC1AC0029B065 /* Security.framework */; };
		4599E32E1A6EC1BA0029B065 /* libicucore.dylib in Frameworks */ = {isa = PBXBuildFile; fileRef = 4599E32D1A6EC1BA0029B065 /* libicucore.dylib */; };
		4599E35D1A6EDF030029B065 /* Calendar.java in Sources */ = {isa = PBXBuildFile; fileRef = 4599E3551A6EDF030029B065 /* Calendar.java */; };
		4599E35E1A6EDF030029B065 /* Restaurant.java in Sources */ = {isa = PBXBuildFile; fileRef = 4599E3561A6EDF030029B065 /* Restaurant.java */; };
		4599E35F1A6EDF030029B065 /* RestaurantDetailDelegate.java in Sources */ = {isa = PBXBuildFile; fileRef = 4599E3571A6EDF030029B065 /* RestaurantDetailDelegate.java */; };
		4599E3601A6EDF030029B065 /* RestaurantDetailDelegateImpl.java in Sources */ = {isa = PBXBuildFile; fileRef = 4599E3581A6EDF030029B065 /* RestaurantDetailDelegateImpl.java */; };
		4599E3611A6EDF030029B065 /* RestaurantDetailDispatch.java in Sources */ = {isa = PBXBuildFile; fileRef = 4599E3591A6EDF030029B065 /* RestaurantDetailDispatch.java */; };
		4599E3621A6EDF030029B065 /* RestaurantListDelegate.java in Sources */ = {isa = PBXBuildFile; fileRef = 4599E35A1A6EDF030029B065 /* RestaurantListDelegate.java */; };
		4599E3631A6EDF030029B065 /* RestaurantListDelegateImpl.java in Sources */ = {isa = PBXBuildFile; fileRef = 4599E35B1A6EDF030029B065 /* RestaurantListDelegateImpl.java */; };
		4599E3641A6EDF030029B065 /* RestaurantListDispatch.java in Sources */ = {isa = PBXBuildFile; fileRef = 4599E35C1A6EDF030029B065 /* RestaurantListDispatch.java */; };
		5528BC891A6B80E000BAC63F /* main.m in Sources */ = {isa = PBXBuildFile; fileRef = 5528BC881A6B80E000BAC63F /* main.m */; };
		5528BC921A6B80E000BAC63F /* Main.storyboard in Resources */ = {isa = PBXBuildFile; fileRef = 5528BC901A6B80E000BAC63F /* Main.storyboard */; };
		5528BC941A6B80E100BAC63F /* Images.xcassets in Resources */ = {isa = PBXBuildFile; fileRef = 5528BC931A6B80E100BAC63F /* Images.xcassets */; };
		5528BC971A6B80E100BAC63F /* LaunchScreen.xib in Resources */ = {isa = PBXBuildFile; fileRef = 5528BC951A6B80E100BAC63F /* LaunchScreen.xib */; };
		5528BCA31A6B80E100BAC63F /* FoodTruckrTests.m in Sources */ = {isa = PBXBuildFile; fileRef = 5528BCA21A6B80E100BAC63F /* FoodTruckrTests.m */; };
		5528BCD61A6B9BDB00BAC63F /* AppDelegate.m in Sources */ = {isa = PBXBuildFile; fileRef = 5528BCBC1A6B9BDB00BAC63F /* AppDelegate.m */; };
		5528BCD71A6B9BDB00BAC63F /* DataController.m in Sources */ = {isa = PBXBuildFile; fileRef = 5528BCBF1A6B9BDB00BAC63F /* DataController.m */; };
		5528BCDD1A6B9BDB00BAC63F /* CalendarViewController.m in Sources */ = {isa = PBXBuildFile; fileRef = 5528BCD51A6B9BDB00BAC63F /* CalendarViewController.m */; };
		552D0D491A6F879B00451C35 /* RestaurantCell.m in Sources */ = {isa = PBXBuildFile; fileRef = 552D0D471A6F879B00451C35 /* RestaurantCell.m */; };
		552D0D4A1A6F879B00451C35 /* RestaurantCell.xib in Resources */ = {isa = PBXBuildFile; fileRef = 552D0D481A6F879B00451C35 /* RestaurantCell.xib */; };
/* End PBXBuildFile section */

/* Begin PBXBuildRule section */
		4599E3141A6EBFC10029B065 /* PBXBuildRule */ = {
			isa = PBXBuildRule;
			compilerSpec = com.apple.compilers.proxy.script;
			fileType = sourcecode.java;
			isEditable = 1;
			outputFiles = (
				"${DERIVED_FILES_DIR}/${INPUT_FILE_BASE}.h",
				"${DERIVED_FILES_DIR}/${INPUT_FILE_BASE}.m",
			);
			script = "cd ${JAVA_SOURCE};\n${J2OBJC_DIST}/j2objc -use-arc --prefix ${SHARED_PACKAGE_NAME}=${J2OBJC_PREFIX} -d ${DERIVED_FILES_DIR} -sourcepath ${SHARED_PACKAGE_DIR}/\\*.java --no-package-directories ${INPUT_FILE_PATH};";
		};
/* End PBXBuildRule section */

/* Begin PBXContainerItemProxy section */
		5528BC9D1A6B80E100BAC63F /* PBXContainerItemProxy */ = {
			isa = PBXContainerItemProxy;
			containerPortal = 5528BC7B1A6B80E000BAC63F /* Project object */;
			proxyType = 1;
			remoteGlobalIDString = 5528BC821A6B80E000BAC63F;
			remoteInfo = FoodTruckr;
		};
/* End PBXContainerItemProxy section */

/* Begin PBXFileReference section */
		4599E3291A6EC1A50029B065 /* libz.dylib */ = {isa = PBXFileReference; lastKnownFileType = "compiled.mach-o.dylib"; name = libz.dylib; path = usr/lib/libz.dylib; sourceTree = SDKROOT; };
		4599E32B1A6EC1AC0029B065 /* Security.framework */ = {isa = PBXFileReference; lastKnownFileType = wrapper.framework; name = Security.framework; path = System/Library/Frameworks/Security.framework; sourceTree = SDKROOT; };
		4599E32D1A6EC1BA0029B065 /* libicucore.dylib */ = {isa = PBXFileReference; lastKnownFileType = "compiled.mach-o.dylib"; name = libicucore.dylib; path = usr/lib/libicucore.dylib; sourceTree = SDKROOT; };
		4599E3551A6EDF030029B065 /* Calendar.java */ = {isa = PBXFileReference; fileEncoding = 4; lastKnownFileType = sourcecode.java; name = Calendar.java; path = ../../Android/FoodTruckr/app/src/main/java/com/brianjmelton/foodtruckr/shared/Calendar.java; sourceTree = "<group>"; };
		4599E3561A6EDF030029B065 /* Restaurant.java */ = {isa = PBXFileReference; fileEncoding = 4; lastKnownFileType = sourcecode.java; name = Restaurant.java; path = ../../Android/FoodTruckr/app/src/main/java/com/brianjmelton/foodtruckr/shared/Restaurant.java; sourceTree = "<group>"; };
		4599E3571A6EDF030029B065 /* RestaurantDetailDelegate.java */ = {isa = PBXFileReference; fileEncoding = 4; lastKnownFileType = sourcecode.java; name = RestaurantDetailDelegate.java; path = ../../Android/FoodTruckr/app/src/main/java/com/brianjmelton/foodtruckr/shared/RestaurantDetailDelegate.java; sourceTree = "<group>"; };
		4599E3581A6EDF030029B065 /* RestaurantDetailDelegateImpl.java */ = {isa = PBXFileReference; fileEncoding = 4; lastKnownFileType = sourcecode.java; name = RestaurantDetailDelegateImpl.java; path = ../../Android/FoodTruckr/app/src/main/java/com/brianjmelton/foodtruckr/shared/RestaurantDetailDelegateImpl.java; sourceTree = "<group>"; };
		4599E3591A6EDF030029B065 /* RestaurantDetailDispatch.java */ = {isa = PBXFileReference; fileEncoding = 4; lastKnownFileType = sourcecode.java; name = RestaurantDetailDispatch.java; path = ../../Android/FoodTruckr/app/src/main/java/com/brianjmelton/foodtruckr/shared/RestaurantDetailDispatch.java; sourceTree = "<group>"; };
		4599E35A1A6EDF030029B065 /* RestaurantListDelegate.java */ = {isa = PBXFileReference; fileEncoding = 4; lastKnownFileType = sourcecode.java; name = RestaurantListDelegate.java; path = ../../Android/FoodTruckr/app/src/main/java/com/brianjmelton/foodtruckr/shared/RestaurantListDelegate.java; sourceTree = "<group>"; };
		4599E35B1A6EDF030029B065 /* RestaurantListDelegateImpl.java */ = {isa = PBXFileReference; fileEncoding = 4; lastKnownFileType = sourcecode.java; name = RestaurantListDelegateImpl.java; path = ../../Android/FoodTruckr/app/src/main/java/com/brianjmelton/foodtruckr/shared/RestaurantListDelegateImpl.java; sourceTree = "<group>"; };
		4599E35C1A6EDF030029B065 /* RestaurantListDispatch.java */ = {isa = PBXFileReference; fileEncoding = 4; lastKnownFileType = sourcecode.java; name = RestaurantListDispatch.java; path = ../../Android/FoodTruckr/app/src/main/java/com/brianjmelton/foodtruckr/shared/RestaurantListDispatch.java; sourceTree = "<group>"; };
		5528BC831A6B80E000BAC63F /* FoodTruckr.app */ = {isa = PBXFileReference; explicitFileType = wrapper.application; includeInIndex = 0; path = FoodTruckr.app; sourceTree = BUILT_PRODUCTS_DIR; };
		5528BC871A6B80E000BAC63F /* Info.plist */ = {isa = PBXFileReference; lastKnownFileType = text.plist.xml; path = Info.plist; sourceTree = "<group>"; };
		5528BC881A6B80E000BAC63F /* main.m */ = {isa = PBXFileReference; lastKnownFileType = sourcecode.c.objc; path = main.m; sourceTree = "<group>"; };
		5528BC911A6B80E000BAC63F /* Base */ = {isa = PBXFileReference; lastKnownFileType = file.storyboard; name = Base; path = Base.lproj/Main.storyboard; sourceTree = "<group>"; };
		5528BC931A6B80E100BAC63F /* Images.xcassets */ = {isa = PBXFileReference; lastKnownFileType = folder.assetcatalog; path = Images.xcassets; sourceTree = "<group>"; };
		5528BC961A6B80E100BAC63F /* Base */ = {isa = PBXFileReference; lastKnownFileType = file.xib; name = Base; path = Base.lproj/LaunchScreen.xib; sourceTree = "<group>"; };
		5528BC9C1A6B80E100BAC63F /* FoodTruckrTests.xctest */ = {isa = PBXFileReference; explicitFileType = wrapper.cfbundle; includeInIndex = 0; path = FoodTruckrTests.xctest; sourceTree = BUILT_PRODUCTS_DIR; };
		5528BCA11A6B80E100BAC63F /* Info.plist */ = {isa = PBXFileReference; lastKnownFileType = text.plist.xml; path = Info.plist; sourceTree = "<group>"; };
		5528BCA21A6B80E100BAC63F /* FoodTruckrTests.m */ = {isa = PBXFileReference; lastKnownFileType = sourcecode.c.objc; path = FoodTruckrTests.m; sourceTree = "<group>"; };
		5528BCBB1A6B9BDB00BAC63F /* AppDelegate.h */ = {isa = PBXFileReference; fileEncoding = 4; lastKnownFileType = sourcecode.c.h; name = AppDelegate.h; path = Classes/AppDelegate.h; sourceTree = "<group>"; };
		5528BCBC1A6B9BDB00BAC63F /* AppDelegate.m */ = {isa = PBXFileReference; fileEncoding = 4; lastKnownFileType = sourcecode.c.objc; name = AppDelegate.m; path = Classes/AppDelegate.m; sourceTree = "<group>"; };
		5528BCBE1A6B9BDB00BAC63F /* DataController.h */ = {isa = PBXFileReference; fileEncoding = 4; lastKnownFileType = sourcecode.c.h; path = DataController.h; sourceTree = "<group>"; };
		5528BCBF1A6B9BDB00BAC63F /* DataController.m */ = {isa = PBXFileReference; fileEncoding = 4; lastKnownFileType = sourcecode.c.objc; path = DataController.m; sourceTree = "<group>"; };
		5528BCD41A6B9BDB00BAC63F /* CalendarViewController.h */ = {isa = PBXFileReference; fileEncoding = 4; lastKnownFileType = sourcecode.c.h; path = CalendarViewController.h; sourceTree = "<group>"; };
		5528BCD51A6B9BDB00BAC63F /* CalendarViewController.m */ = {isa = PBXFileReference; fileEncoding = 4; lastKnownFileType = sourcecode.c.objc; path = CalendarViewController.m; sourceTree = "<group>"; };
		552D0D431A6F793C00451C35 /* Settings.xcconfig */ = {isa = PBXFileReference; lastKnownFileType = text.xcconfig; name = Settings.xcconfig; path = FoodTruckr/Config/Settings.xcconfig; sourceTree = "<group>"; };
		552D0D461A6F879B00451C35 /* RestaurantCell.h */ = {isa = PBXFileReference; fileEncoding = 4; lastKnownFileType = sourcecode.c.h; name = RestaurantCell.h; path = Classes/Views/RestaurantCell.h; sourceTree = "<group>"; };
		552D0D471A6F879B00451C35 /* RestaurantCell.m */ = {isa = PBXFileReference; fileEncoding = 4; lastKnownFileType = sourcecode.c.objc; name = RestaurantCell.m; path = Classes/Views/RestaurantCell.m; sourceTree = "<group>"; };
		552D0D481A6F879B00451C35 /* RestaurantCell.xib */ = {isa = PBXFileReference; fileEncoding = 4; lastKnownFileType = file.xib; name = RestaurantCell.xib; path = Classes/Views/RestaurantCell.xib; sourceTree = "<group>"; };
/* End PBXFileReference section */

/* Begin PBXFrameworksBuildPhase section */
		5528BC801A6B80E000BAC63F /* Frameworks */ = {
			isa = PBXFrameworksBuildPhase;
			buildActionMask = 2147483647;
			files = (
				4599E32E1A6EC1BA0029B065 /* libicucore.dylib in Frameworks */,
				4599E32C1A6EC1AC0029B065 /* Security.framework in Frameworks */,
				4599E32A1A6EC1A50029B065 /* libz.dylib in Frameworks */,
			);
			runOnlyForDeploymentPostprocessing = 0;
		};
		5528BC991A6B80E100BAC63F /* Frameworks */ = {
			isa = PBXFrameworksBuildPhase;
			buildActionMask = 2147483647;
			files = (
			);
			runOnlyForDeploymentPostprocessing = 0;
		};
/* End PBXFrameworksBuildPhase section */

/* Begin PBXGroup section */
		4599E33F1A6ECAB70029B065 /* Shared */ = {
			isa = PBXGroup;
			children = (
				4599E3551A6EDF030029B065 /* Calendar.java */,
				4599E3561A6EDF030029B065 /* Restaurant.java */,
				4599E3571A6EDF030029B065 /* RestaurantDetailDelegate.java */,
				4599E3581A6EDF030029B065 /* RestaurantDetailDelegateImpl.java */,
				4599E3591A6EDF030029B065 /* RestaurantDetailDispatch.java */,
				4599E35A1A6EDF030029B065 /* RestaurantListDelegate.java */,
				4599E35B1A6EDF030029B065 /* RestaurantListDelegateImpl.java */,
				4599E35C1A6EDF030029B065 /* RestaurantListDispatch.java */,
			);
			name = Shared;
			path = ..;
			sourceTree = "<group>";
		};
		5528BC7A1A6B80E000BAC63F = {
			isa = PBXGroup;
			children = (
				552D0D431A6F793C00451C35 /* Settings.xcconfig */,
				5528BC851A6B80E000BAC63F /* FoodTruckr */,
				5528BC9F1A6B80E100BAC63F /* FoodTruckrTests */,
				552D0D411A6F78E900451C35 /* Frameworks */,
				5528BC841A6B80E000BAC63F /* Products */,
			);
			sourceTree = "<group>";
		};
		5528BC841A6B80E000BAC63F /* Products */ = {
			isa = PBXGroup;
			children = (
				5528BC831A6B80E000BAC63F /* FoodTruckr.app */,
				5528BC9C1A6B80E100BAC63F /* FoodTruckrTests.xctest */,
			);
			name = Products;
			sourceTree = "<group>";
		};
		5528BC851A6B80E000BAC63F /* FoodTruckr */ = {
			isa = PBXGroup;
			children = (
				5528BCBB1A6B9BDB00BAC63F /* AppDelegate.h */,
				5528BCBC1A6B9BDB00BAC63F /* AppDelegate.m */,
				5528BCBD1A6B9BDB00BAC63F /* Data */,
				5528BC931A6B80E100BAC63F /* Images.xcassets */,
				5528BC951A6B80E100BAC63F /* LaunchScreen.xib */,
				5528BC901A6B80E000BAC63F /* Main.storyboard */,
				4599E33F1A6ECAB70029B065 /* Shared */,
				5528BC861A6B80E000BAC63F /* Supporting Files */,
				5528BCD31A6B9BDB00BAC63F /* ViewControllers */,
				552D0D451A6F873E00451C35 /* Views */,
			);
			path = FoodTruckr;
			sourceTree = "<group>";
		};
		5528BC861A6B80E000BAC63F /* Supporting Files */ = {
			isa = PBXGroup;
			children = (
				5528BC871A6B80E000BAC63F /* Info.plist */,
				5528BC881A6B80E000BAC63F /* main.m */,
			);
			name = "Supporting Files";
			sourceTree = "<group>";
		};
		5528BC9F1A6B80E100BAC63F /* FoodTruckrTests */ = {
			isa = PBXGroup;
			children = (
				5528BCA21A6B80E100BAC63F /* FoodTruckrTests.m */,
				5528BCA01A6B80E100BAC63F /* Supporting Files */,
			);
			path = FoodTruckrTests;
			sourceTree = "<group>";
		};
		5528BCA01A6B80E100BAC63F /* Supporting Files */ = {
			isa = PBXGroup;
			children = (
				5528BCA11A6B80E100BAC63F /* Info.plist */,
			);
			name = "Supporting Files";
			sourceTree = "<group>";
		};
		5528BCBD1A6B9BDB00BAC63F /* Data */ = {
			isa = PBXGroup;
			children = (
				5528BCBE1A6B9BDB00BAC63F /* DataController.h */,
				5528BCBF1A6B9BDB00BAC63F /* DataController.m */,
			);
			name = Data;
			path = Classes/Data;
			sourceTree = "<group>";
		};
		5528BCD31A6B9BDB00BAC63F /* ViewControllers */ = {
			isa = PBXGroup;
			children = (
				5528BCD41A6B9BDB00BAC63F /* CalendarViewController.h */,
				5528BCD51A6B9BDB00BAC63F /* CalendarViewController.m */,
			);
			name = ViewControllers;
			path = Classes/ViewControllers;
			sourceTree = "<group>";
		};
		552D0D411A6F78E900451C35 /* Frameworks */ = {
			isa = PBXGroup;
			children = (
				4599E32D1A6EC1BA0029B065 /* libicucore.dylib */,
				4599E3291A6EC1A50029B065 /* libz.dylib */,
				4599E32B1A6EC1AC0029B065 /* Security.framework */,
			);
			name = Frameworks;
			sourceTree = "<group>";
		};
		552D0D451A6F873E00451C35 /* Views */ = {
			isa = PBXGroup;
			children = (
				552D0D461A6F879B00451C35 /* RestaurantCell.h */,
				552D0D471A6F879B00451C35 /* RestaurantCell.m */,
				552D0D481A6F879B00451C35 /* RestaurantCell.xib */,
			);
			name = Views;
			sourceTree = "<group>";
		};
/* End PBXGroup section */

/* Begin PBXNativeTarget section */
		5528BC821A6B80E000BAC63F /* FoodTruckr */ = {
			isa = PBXNativeTarget;
			buildConfigurationList = 5528BCA61A6B80E100BAC63F /* Build configuration list for PBXNativeTarget "FoodTruckr" */;
			buildPhases = (
				5528BC7F1A6B80E000BAC63F /* Sources */,
				5528BC801A6B80E000BAC63F /* Frameworks */,
				5528BC811A6B80E000BAC63F /* Resources */,
			);
			buildRules = (
				4599E3141A6EBFC10029B065 /* PBXBuildRule */,
			);
			dependencies = (
			);
			name = FoodTruckr;
			productName = FoodTruckr;
			productReference = 5528BC831A6B80E000BAC63F /* FoodTruckr.app */;
			productType = "com.apple.product-type.application";
		};
		5528BC9B1A6B80E100BAC63F /* FoodTruckrTests */ = {
			isa = PBXNativeTarget;
			buildConfigurationList = 5528BCA91A6B80E100BAC63F /* Build configuration list for PBXNativeTarget "FoodTruckrTests" */;
			buildPhases = (
				5528BC981A6B80E100BAC63F /* Sources */,
				5528BC991A6B80E100BAC63F /* Frameworks */,
				5528BC9A1A6B80E100BAC63F /* Resources */,
			);
			buildRules = (
			);
			dependencies = (
				5528BC9E1A6B80E100BAC63F /* PBXTargetDependency */,
			);
			name = FoodTruckrTests;
			productName = FoodTruckrTests;
			productReference = 5528BC9C1A6B80E100BAC63F /* FoodTruckrTests.xctest */;
			productType = "com.apple.product-type.bundle.unit-test";
		};
/* End PBXNativeTarget section */

/* Begin PBXProject section */
		5528BC7B1A6B80E000BAC63F /* Project object */ = {
			isa = PBXProject;
			attributes = {
				LastUpgradeCheck = 0610;
				ORGANIZATIONNAME = Kurt;
				TargetAttributes = {
					5528BC821A6B80E000BAC63F = {
						CreatedOnToolsVersion = 6.1.1;
					};
					5528BC9B1A6B80E100BAC63F = {
						CreatedOnToolsVersion = 6.1.1;
						TestTargetID = 5528BC821A6B80E000BAC63F;
					};
				};
			};
			buildConfigurationList = 5528BC7E1A6B80E000BAC63F /* Build configuration list for PBXProject "FoodTruckr" */;
			compatibilityVersion = "Xcode 3.2";
			developmentRegion = English;
			hasScannedForEncodings = 0;
			knownRegions = (
				en,
				Base,
			);
			mainGroup = 5528BC7A1A6B80E000BAC63F;
			productRefGroup = 5528BC841A6B80E000BAC63F /* Products */;
			projectDirPath = "";
			projectRoot = "";
			targets = (
				5528BC821A6B80E000BAC63F /* FoodTruckr */,
				5528BC9B1A6B80E100BAC63F /* FoodTruckrTests */,
			);
		};
/* End PBXProject section */

/* Begin PBXResourcesBuildPhase section */
		5528BC811A6B80E000BAC63F /* Resources */ = {
			isa = PBXResourcesBuildPhase;
			buildActionMask = 2147483647;
			files = (
				552D0D4A1A6F879B00451C35 /* RestaurantCell.xib in Resources */,
				5528BC921A6B80E000BAC63F /* Main.storyboard in Resources */,
				5528BC971A6B80E100BAC63F /* LaunchScreen.xib in Resources */,
				5528BC941A6B80E100BAC63F /* Images.xcassets in Resources */,
			);
			runOnlyForDeploymentPostprocessing = 0;
		};
		5528BC9A1A6B80E100BAC63F /* Resources */ = {
			isa = PBXResourcesBuildPhase;
			buildActionMask = 2147483647;
			files = (
			);
			runOnlyForDeploymentPostprocessing = 0;
		};
/* End PBXResourcesBuildPhase section */

/* Begin PBXSourcesBuildPhase section */
		5528BC7F1A6B80E000BAC63F /* Sources */ = {
			isa = PBXSourcesBuildPhase;
			buildActionMask = 2147483647;
			files = (
				4599E35E1A6EDF030029B065 /* Restaurant.java in Sources */,
				4599E3621A6EDF030029B065 /* RestaurantListDelegate.java in Sources */,
				4599E3611A6EDF030029B065 /* RestaurantDetailDispatch.java in Sources */,
				4599E35D1A6EDF030029B065 /* Calendar.java in Sources */,
				4599E3641A6EDF030029B065 /* RestaurantListDispatch.java in Sources */,
				552D0D491A6F879B00451C35 /* RestaurantCell.m in Sources */,
				5528BCDD1A6B9BDB00BAC63F /* CalendarViewController.m in Sources */,
				5528BCD61A6B9BDB00BAC63F /* AppDelegate.m in Sources */,
				5528BC891A6B80E000BAC63F /* main.m in Sources */,
				4599E35F1A6EDF030029B065 /* RestaurantDetailDelegate.java in Sources */,
				4599E3631A6EDF030029B065 /* RestaurantListDelegateImpl.java in Sources */,
				4599E3601A6EDF030029B065 /* RestaurantDetailDelegateImpl.java in Sources */,
				5528BCD71A6B9BDB00BAC63F /* DataController.m in Sources */,
			);
			runOnlyForDeploymentPostprocessing = 0;
		};
		5528BC981A6B80E100BAC63F /* Sources */ = {
			isa = PBXSourcesBuildPhase;
			buildActionMask = 2147483647;
			files = (
				5528BCA31A6B80E100BAC63F /* FoodTruckrTests.m in Sources */,
			);
			runOnlyForDeploymentPostprocessing = 0;
		};
/* End PBXSourcesBuildPhase section */

/* Begin PBXTargetDependency section */
		5528BC9E1A6B80E100BAC63F /* PBXTargetDependency */ = {
			isa = PBXTargetDependency;
			target = 5528BC821A6B80E000BAC63F /* FoodTruckr */;
			targetProxy = 5528BC9D1A6B80E100BAC63F /* PBXContainerItemProxy */;
		};
/* End PBXTargetDependency section */

/* Begin PBXVariantGroup section */
		5528BC901A6B80E000BAC63F /* Main.storyboard */ = {
			isa = PBXVariantGroup;
			children = (
				5528BC911A6B80E000BAC63F /* Base */,
			);
			name = Main.storyboard;
			sourceTree = "<group>";
		};
		5528BC951A6B80E100BAC63F /* LaunchScreen.xib */ = {
			isa = PBXVariantGroup;
			children = (
				5528BC961A6B80E100BAC63F /* Base */,
			);
			name = LaunchScreen.xib;
			sourceTree = "<group>";
		};
/* End PBXVariantGroup section */

/* Begin XCBuildConfiguration section */
		5528BCA41A6B80E100BAC63F /* Debug */ = {
			isa = XCBuildConfiguration;
			baseConfigurationReference = 552D0D431A6F793C00451C35 /* Settings.xcconfig */;
			buildSettings = {
				ALWAYS_SEARCH_USER_PATHS = NO;
				CLANG_CXX_LANGUAGE_STANDARD = "gnu++0x";
				CLANG_CXX_LIBRARY = "libc++";
				CLANG_ENABLE_MODULES = YES;
				CLANG_ENABLE_OBJC_ARC = YES;
				CLANG_WARN_BOOL_CONVERSION = YES;
				CLANG_WARN_CONSTANT_CONVERSION = YES;
				CLANG_WARN_DIRECT_OBJC_ISA_USAGE = YES_ERROR;
				CLANG_WARN_EMPTY_BODY = YES;
				CLANG_WARN_ENUM_CONVERSION = YES;
				CLANG_WARN_INT_CONVERSION = YES;
				CLANG_WARN_OBJC_ROOT_CLASS = YES_ERROR;
				CLANG_WARN_UNREACHABLE_CODE = YES;
				CLANG_WARN__DUPLICATE_METHOD_MATCH = YES;
				"CODE_SIGN_IDENTITY[sdk=iphoneos*]" = "iPhone Developer";
				COPY_PHASE_STRIP = NO;
				ENABLE_STRICT_OBJC_MSGSEND = YES;
				GCC_C_LANGUAGE_STANDARD = gnu99;
				GCC_DYNAMIC_NO_PIC = NO;
				GCC_OPTIMIZATION_LEVEL = 0;
				GCC_PREPROCESSOR_DEFINITIONS = (
					"DEBUG=1",
					"$(inherited)",
				);
				GCC_SYMBOLS_PRIVATE_EXTERN = NO;
				GCC_WARN_64_TO_32_BIT_CONVERSION = YES;
				GCC_WARN_ABOUT_RETURN_TYPE = YES_ERROR;
				GCC_WARN_UNDECLARED_SELECTOR = YES;
				GCC_WARN_UNINITIALIZED_AUTOS = YES_AGGRESSIVE;
				GCC_WARN_UNUSED_FUNCTION = YES;
				GCC_WARN_UNUSED_VARIABLE = YES;
				IPHONEOS_DEPLOYMENT_TARGET = 8.1;
				MTL_ENABLE_DEBUG_INFO = YES;
				ONLY_ACTIVE_ARCH = YES;
				SDKROOT = iphoneos;
				TARGETED_DEVICE_FAMILY = "1,2";
			};
			name = Debug;
		};
		5528BCA51A6B80E100BAC63F /* Release */ = {
			isa = XCBuildConfiguration;
			buildSettings = {
				ALWAYS_SEARCH_USER_PATHS = NO;
				CLANG_CXX_LANGUAGE_STANDARD = "gnu++0x";
				CLANG_CXX_LIBRARY = "libc++";
				CLANG_ENABLE_MODULES = YES;
				CLANG_ENABLE_OBJC_ARC = YES;
				CLANG_WARN_BOOL_CONVERSION = YES;
				CLANG_WARN_CONSTANT_CONVERSION = YES;
				CLANG_WARN_DIRECT_OBJC_ISA_USAGE = YES_ERROR;
				CLANG_WARN_EMPTY_BODY = YES;
				CLANG_WARN_ENUM_CONVERSION = YES;
				CLANG_WARN_INT_CONVERSION = YES;
				CLANG_WARN_OBJC_ROOT_CLASS = YES_ERROR;
				CLANG_WARN_UNREACHABLE_CODE = YES;
				CLANG_WARN__DUPLICATE_METHOD_MATCH = YES;
				"CODE_SIGN_IDENTITY[sdk=iphoneos*]" = "iPhone Developer";
				COPY_PHASE_STRIP = YES;
				ENABLE_NS_ASSERTIONS = NO;
				ENABLE_STRICT_OBJC_MSGSEND = YES;
				GCC_C_LANGUAGE_STANDARD = gnu99;
				GCC_WARN_64_TO_32_BIT_CONVERSION = YES;
				GCC_WARN_ABOUT_RETURN_TYPE = YES_ERROR;
				GCC_WARN_UNDECLARED_SELECTOR = YES;
				GCC_WARN_UNINITIALIZED_AUTOS = YES_AGGRESSIVE;
				GCC_WARN_UNUSED_FUNCTION = YES;
				GCC_WARN_UNUSED_VARIABLE = YES;
				IPHONEOS_DEPLOYMENT_TARGET = 8.1;
				MTL_ENABLE_DEBUG_INFO = NO;
				SDKROOT = iphoneos;
				TARGETED_DEVICE_FAMILY = "1,2";
				VALIDATE_PRODUCT = YES;
			};
			name = Release;
		};
		5528BCA71A6B80E100BAC63F /* Debug */ = {
			isa = XCBuildConfiguration;
			buildSettings = {
				ASSETCATALOG_COMPILER_APPICON_NAME = AppIcon;
				HEADER_SEARCH_PATHS = (
					"$(inherited)",
					/Applications/Xcode.app/Contents/Developer/Toolchains/XcodeDefault.xctoolchain/usr/include,
					"${J2OBJC_DIST}/include",
					"${DERIVED_FILES_DIR}",
				);
				INFOPLIST_FILE = FoodTruckr/Info.plist;
				LD_RUNPATH_SEARCH_PATHS = "$(inherited) @executable_path/Frameworks";
				LIBRARY_SEARCH_PATHS = "${J2OBJC_DIST}/lib";
				OTHER_LDFLAGS = "-ljre_emul";
				PRODUCT_NAME = "$(TARGET_NAME)";
			};
			name = Debug;
		};
		5528BCA81A6B80E100BAC63F /* Release */ = {
			isa = XCBuildConfiguration;
			buildSettings = {
				ASSETCATALOG_COMPILER_APPICON_NAME = AppIcon;
				HEADER_SEARCH_PATHS = (
					"$(inherited)",
					/Applications/Xcode.app/Contents/Developer/Toolchains/XcodeDefault.xctoolchain/usr/include,
					"${J2OBJC_DIST}/include",
					"${DERIVED_FILES_DIR}",
				);
				INFOPLIST_FILE = FoodTruckr/Info.plist;
				LD_RUNPATH_SEARCH_PATHS = "$(inherited) @executable_path/Frameworks";
				LIBRARY_SEARCH_PATHS = "${J2OBJC_DIST}/lib";
				OTHER_LDFLAGS = "-ljre_emul";
				PRODUCT_NAME = "$(TARGET_NAME)";
			};
			name = Release;
		};
		5528BCAA1A6B80E100BAC63F /* Debug */ = {
			isa = XCBuildConfiguration;
			buildSettings = {
				BUNDLE_LOADER = "$(TEST_HOST)";
				FRAMEWORK_SEARCH_PATHS = (
					"$(SDKROOT)/Developer/Library/Frameworks",
					"$(inherited)",
				);
				GCC_PREPROCESSOR_DEFINITIONS = (
					"DEBUG=1",
					"$(inherited)",
				);
				INFOPLIST_FILE = FoodTruckrTests/Info.plist;
				LD_RUNPATH_SEARCH_PATHS = "$(inherited) @executable_path/Frameworks @loader_path/Frameworks";
				PRODUCT_NAME = "$(TARGET_NAME)";
				TEST_HOST = "$(BUILT_PRODUCTS_DIR)/FoodTruckr.app/FoodTruckr";
			};
			name = Debug;
		};
		5528BCAB1A6B80E100BAC63F /* Release */ = {
			isa = XCBuildConfiguration;
			buildSettings = {
				BUNDLE_LOADER = "$(TEST_HOST)";
				FRAMEWORK_SEARCH_PATHS = (
					"$(SDKROOT)/Developer/Library/Frameworks",
					"$(inherited)",
				);
				INFOPLIST_FILE = FoodTruckrTests/Info.plist;
				LD_RUNPATH_SEARCH_PATHS = "$(inherited) @executable_path/Frameworks @loader_path/Frameworks";
				PRODUCT_NAME = "$(TARGET_NAME)";
				TEST_HOST = "$(BUILT_PRODUCTS_DIR)/FoodTruckr.app/FoodTruckr";
			};
			name = Release;
		};
/* End XCBuildConfiguration section */

/* Begin XCConfigurationList section */
		5528BC7E1A6B80E000BAC63F /* Build configuration list for PBXProject "FoodTruckr" */ = {
			isa = XCConfigurationList;
			buildConfigurations = (
				5528BCA41A6B80E100BAC63F /* Debug */,
				5528BCA51A6B80E100BAC63F /* Release */,
			);
			defaultConfigurationIsVisible = 0;
			defaultConfigurationName = Release;
		};
		5528BCA61A6B80E100BAC63F /* Build configuration list for PBXNativeTarget "FoodTruckr" */ = {
			isa = XCConfigurationList;
			buildConfigurations = (
				5528BCA71A6B80E100BAC63F /* Debug */,
				5528BCA81A6B80E100BAC63F /* Release */,
			);
			defaultConfigurationIsVisible = 0;
			defaultConfigurationName = Release;
		};
		5528BCA91A6B80E100BAC63F /* Build configuration list for PBXNativeTarget "FoodTruckrTests" */ = {
			isa = XCConfigurationList;
			buildConfigurations = (
				5528BCAA1A6B80E100BAC63F /* Debug */,
				5528BCAB1A6B80E100BAC63F /* Release */,
			);
			defaultConfigurationIsVisible = 0;
			defaultConfigurationName = Release;
		};
/* End XCConfigurationList section */
	};
	rootObject = 5528BC7B1A6B80E000BAC63F /* Project object */;
}
